
Microsoft Visual Studio Solution File, Format Version 12.00
# Visual Studio 15
VisualStudioVersion = 15.0.27130.2010
MinimumVisualStudioVersion = 10.0.40219.1
Project("{FAE04EC0-301F-11D3-BF4B-00C04F79EFBC}") = "ConsoleAppLINQ", "ConsoleAppLINQ\ConsoleAppLINQ.csproj", "{2B87CC09-C259-48F8-8D83-E33AB26A87EB}"
EndProject
Global
	GlobalSection(SolutionConfigurationPlatforms) = preSolution
		Debug|Any CPU = Debug|Any CPU
		Release|Any CPU = Release|Any CPU
	EndGlobalSection
	GlobalSection(ProjectConfigurationPlatforms) = postSolution
		{2B87CC09-C259-48F8-8D83-E33AB26A87EB}.Debug|Any CPU.ActiveCfg = Debug|Any CPU
		{2B87CC09-C259-48F8-8D83-E33AB26A87EB}.Debug|Any CPU.Build.0 = Debug|Any CPU
		{2B87CC09-C259-48F8-8D83-E33AB26A87EB}.Release|Any CPU.ActiveCfg = Release|Any CPU
		{2B87CC09-C259-48F8-8D83-E33AB26A87EB}.Release|Any CPU.Build.0 = Release|Any CPU
	EndGlobalSection
	GlobalSection(SolutionProperties) = preSolution
		HideSolutionNode = FALSE
	EndGlobalSection
	GlobalSection(ExtensibilityGlobals) = postSolution
		SolutionGuid = {41357130-FAC3-4C71-80E6-D8B9EBFA995A}
	EndGlobalSection
EndGlobal
